
Microsoft Visual Studio Solution File, Format Version 12.00
# Visual Studio 2012
Project("{FAE04EC0-301F-11D3-BF4B-00C04F79EFBC}") = "IHM", "IHM\IHM.csproj", "{CBA10B7F-1D00-4F78-89CE-C6B8EE2D2CB2}"
EndProject
Project("{FAE04EC0-301F-11D3-BF4B-00C04F79EFBC}") = "BO", "BO\BO.csproj", "{D3B05C09-600F-46E9-AAB3-5B338593D48C}"
EndProject
Project("{FAE04EC0-301F-11D3-BF4B-00C04F79EFBC}") = "BLL", "BLL\BLL.csproj", "{FD783D8E-8B97-4D47-BE5A-EBFD8D2C34B0}"
EndProject
Project("{FAE04EC0-301F-11D3-BF4B-00C04F79EFBC}") = "ModOutils", "..\..\..\projet test\ModOutils.csproj", "{11D25F6B-8A28-4B48-AF8E-CF1C6ED2C58C}"
EndProject
Project("{FAE04EC0-301F-11D3-BF4B-00C04F79EFBC}") = "Outils", "..\..\..\02-GestionEmployes\Outils\Outils.csproj", "{848786D8-4144-4AE4-B423-D06961A7C3D8}"
EndProject
Global
	GlobalSection(SolutionConfigurationPlatforms) = preSolution
		Debug|Any CPU = Debug|Any CPU
		Release|Any CPU = Release|Any CPU
	EndGlobalSection
	GlobalSection(ProjectConfigurationPlatforms) = postSolution
		{CBA10B7F-1D00-4F78-89CE-C6B8EE2D2CB2}.Debug|Any CPU.ActiveCfg = Debug|Any CPU
		{CBA10B7F-1D00-4F78-89CE-C6B8EE2D2CB2}.Debug|Any CPU.Build.0 = Debug|Any CPU
		{CBA10B7F-1D00-4F78-89CE-C6B8EE2D2CB2}.Release|Any CPU.ActiveCfg = Release|Any CPU
		{CBA10B7F-1D00-4F78-89CE-C6B8EE2D2CB2}.Release|Any CPU.Build.0 = Release|Any CPU
		{D3B05C09-600F-46E9-AAB3-5B338593D48C}.Debug|Any CPU.ActiveCfg = Debug|Any CPU
		{D3B05C09-600F-46E9-AAB3-5B338593D48C}.Debug|Any CPU.Build.0 = Debug|Any CPU
		{D3B05C09-600F-46E9-AAB3-5B338593D48C}.Release|Any CPU.ActiveCfg = Release|Any CPU
		{D3B05C09-600F-46E9-AAB3-5B338593D48C}.Release|Any CPU.Build.0 = Release|Any CPU
		{FD783D8E-8B97-4D47-BE5A-EBFD8D2C34B0}.Debug|Any CPU.ActiveCfg = Debug|Any CPU
		{FD783D8E-8B97-4D47-BE5A-EBFD8D2C34B0}.Debug|Any CPU.Build.0 = Debug|Any CPU
		{FD783D8E-8B97-4D47-BE5A-EBFD8D2C34B0}.Release|Any CPU.ActiveCfg = Release|Any CPU
		{FD783D8E-8B97-4D47-BE5A-EBFD8D2C34B0}.Release|Any CPU.Build.0 = Release|Any CPU
		{11D25F6B-8A28-4B48-AF8E-CF1C6ED2C58C}.Debug|Any CPU.ActiveCfg = Debug|Any CPU
		{11D25F6B-8A28-4B48-AF8E-CF1C6ED2C58C}.Debug|Any CPU.Build.0 = Debug|Any CPU
		{11D25F6B-8A28-4B48-AF8E-CF1C6ED2C58C}.Release|Any CPU.ActiveCfg = Release|Any CPU
		{11D25F6B-8A28-4B48-AF8E-CF1C6ED2C58C}.Release|Any CPU.Build.0 = Release|Any CPU
		{848786D8-4144-4AE4-B423-D06961A7C3D8}.Debug|Any CPU.ActiveCfg = Debug|Any CPU
		{848786D8-4144-4AE4-B423-D06961A7C3D8}.Debug|Any CPU.Build.0 = Debug|Any CPU
		{848786D8-4144-4AE4-B423-D06961A7C3D8}.Release|Any CPU.ActiveCfg = Release|Any CPU
		{848786D8-4144-4AE4-B423-D06961A7C3D8}.Release|Any CPU.Build.0 = Release|Any CPU
	EndGlobalSection
	GlobalSection(SolutionProperties) = preSolution
		HideSolutionNode = FALSE
	EndGlobalSection
EndGlobal
